{
  "pins" : [
    {
      "identity" : "nand7400",
      "kind" : "remoteSourceControl",
      "location" : "https://github.com/cogsandsquigs/nand7400",
      "state" : {
        "revision" : "310bf0d8a931864902483038b02986f3833bbc11",
        "version" : "0.3.0"
      }
    }
  ],
  "version" : 2
}
