{
  "pins" : [
    {
      "identity" : "nand7400",
      "kind" : "remoteSourceControl",
      "location" : "https://github.com/cogsandsquigs/nand7400",
      "state" : {
        "revision" : "ff178d18537ee2193b1a8757fad8943006b6ba22",
        "version" : "0.3.2"
      }
    }
  ],
  "version" : 2
}
