{
  "pins" : [
    {
      "identity" : "nand7400",
      "kind" : "remoteSourceControl",
      "location" : "https://github.com/cogsandsquigs/nand7400",
      "state" : {
        "branch" : "main",
        "revision" : "fdcae2e9177c38eeea0919001aec07da456756d3"
      }
    }
  ],
  "version" : 2
}
