{
  "pins" : [
    {
      "identity" : "nand7400",
      "kind" : "remoteSourceControl",
      "location" : "https://github.com/cogsandsquigs/nand7400",
      "state" : {
        "revision" : "bf9bb74ffab1d88ce563f7341c923d4e36b770a8",
        "version" : "0.4.0"
      }
    }
  ],
  "version" : 2
}
